
Microsoft Visual Studio Solution File, Format Version 12.00
# Visual Studio Version 16
VisualStudioVersion = 16.0.31613.86
MinimumVisualStudioVersion = 10.0.40219.1
Project("{FAE04EC0-301F-11D3-BF4B-00C04F79EFBC}") = "SitemaBancario", "SitemaBancario.csproj", "{9453F169-F519-49C2-BD66-EA92608530AB}"
EndProject
Global
	GlobalSection(SolutionConfigurationPlatforms) = preSolution
		Debug|Any CPU = Debug|Any CPU
		Release|Any CPU = Release|Any CPU
	EndGlobalSection
	GlobalSection(ProjectConfigurationPlatforms) = postSolution
		{9453F169-F519-49C2-BD66-EA92608530AB}.Debug|Any CPU.ActiveCfg = Debug|Any CPU
		{9453F169-F519-49C2-BD66-EA92608530AB}.Debug|Any CPU.Build.0 = Debug|Any CPU
		{9453F169-F519-49C2-BD66-EA92608530AB}.Release|Any CPU.ActiveCfg = Release|Any CPU
		{9453F169-F519-49C2-BD66-EA92608530AB}.Release|Any CPU.Build.0 = Release|Any CPU
	EndGlobalSection
	GlobalSection(SolutionProperties) = preSolution
		HideSolutionNode = FALSE
	EndGlobalSection
	GlobalSection(ExtensibilityGlobals) = postSolution
		SolutionGuid = {CE858FD2-BC2F-4AC5-BBEC-9D0E06B634B8}
	EndGlobalSection
EndGlobal
